
Microsoft Visual Studio Solution File, Format Version 12.00
# Visual Studio Version 17
VisualStudioVersion = 17.8.34330.188
MinimumVisualStudioVersion = 10.0.40219.1
Project("{9A19103F-16F7-4668-BE54-9A1E7A4F7556}") = "IMPLEMENT PATH-FINDING PROGRAM", "Win-XAML-WPF\IMPLEMENT PATH-FINDING PROGRAM.csproj", "{4E8FB43F-9FFF-4DF4-A352-7E8C19B93F43}"
EndProject
Global
	GlobalSection(SolutionConfigurationPlatforms) = preSolution
		Debug|Any CPU = Debug|Any CPU
		Release|Any CPU = Release|Any CPU
	EndGlobalSection
	GlobalSection(ProjectConfigurationPlatforms) = postSolution
		{4E8FB43F-9FFF-4DF4-A352-7E8C19B93F43}.Debug|Any CPU.ActiveCfg = Debug|Any CPU
		{4E8FB43F-9FFF-4DF4-A352-7E8C19B93F43}.Debug|Any CPU.Build.0 = Debug|Any CPU
		{4E8FB43F-9FFF-4DF4-A352-7E8C19B93F43}.Release|Any CPU.ActiveCfg = Release|Any CPU
		{4E8FB43F-9FFF-4DF4-A352-7E8C19B93F43}.Release|Any CPU.Build.0 = Release|Any CPU
	EndGlobalSection
	GlobalSection(SolutionProperties) = preSolution
		HideSolutionNode = FALSE
	EndGlobalSection
	GlobalSection(ExtensibilityGlobals) = postSolution
		SolutionGuid = {51D6FE34-8A0C-4E19-A2CA-711E417EDF42}
	EndGlobalSection
EndGlobal
